
Microsoft Visual Studio Solution File, Format Version 12.00
# Visual Studio Version 16
VisualStudioVersion = 16.0.30413.136
MinimumVisualStudioVersion = 10.0.40219.1
Project("{FAE04EC0-301F-11D3-BF4B-00C04F79EFBC}") = "MVCAppBook", "MVCAppBook\MVCAppBook.csproj", "{A194BF4D-F736-4575-BAAB-864BD64DFCA6}"
EndProject
Global
	GlobalSection(SolutionConfigurationPlatforms) = preSolution
		Debug|Any CPU = Debug|Any CPU
		Release|Any CPU = Release|Any CPU
	EndGlobalSection
	GlobalSection(ProjectConfigurationPlatforms) = postSolution
		{A194BF4D-F736-4575-BAAB-864BD64DFCA6}.Debug|Any CPU.ActiveCfg = Debug|Any CPU
		{A194BF4D-F736-4575-BAAB-864BD64DFCA6}.Debug|Any CPU.Build.0 = Debug|Any CPU
		{A194BF4D-F736-4575-BAAB-864BD64DFCA6}.Release|Any CPU.ActiveCfg = Release|Any CPU
		{A194BF4D-F736-4575-BAAB-864BD64DFCA6}.Release|Any CPU.Build.0 = Release|Any CPU
	EndGlobalSection
	GlobalSection(SolutionProperties) = preSolution
		HideSolutionNode = FALSE
	EndGlobalSection
	GlobalSection(ExtensibilityGlobals) = postSolution
		SolutionGuid = {880D8A1E-19D2-40C6-A74B-1266995ADCB9}
	EndGlobalSection
EndGlobal
